
Microsoft Visual Studio Solution File, Format Version 12.00
# Visual Studio Version 16
VisualStudioVersion = 16.0.31613.86
MinimumVisualStudioVersion = 10.0.40219.1
Project("{FAE04EC0-301F-11D3-BF4B-00C04F79EFBC}") = "RAP", "RAP.csproj", "{3F6582CC-41F8-45D5-A745-2834E74F019C}"
EndProject
Global
	GlobalSection(SolutionConfigurationPlatforms) = preSolution
		Debug|Any CPU = Debug|Any CPU
		Release|Any CPU = Release|Any CPU
	EndGlobalSection
	GlobalSection(ProjectConfigurationPlatforms) = postSolution
		{3F6582CC-41F8-45D5-A745-2834E74F019C}.Debug|Any CPU.ActiveCfg = Debug|Any CPU
		{3F6582CC-41F8-45D5-A745-2834E74F019C}.Debug|Any CPU.Build.0 = Debug|Any CPU
		{3F6582CC-41F8-45D5-A745-2834E74F019C}.Release|Any CPU.ActiveCfg = Release|Any CPU
		{3F6582CC-41F8-45D5-A745-2834E74F019C}.Release|Any CPU.Build.0 = Release|Any CPU
	EndGlobalSection
	GlobalSection(SolutionProperties) = preSolution
		HideSolutionNode = FALSE
	EndGlobalSection
	GlobalSection(ExtensibilityGlobals) = postSolution
		SolutionGuid = {399A8603-320D-49F6-8806-910C5BE2DB1C}
	EndGlobalSection
EndGlobal
